Microsoft Visual Studio Solution File, Format Version 12.00
# Visual Studio 14
VisualStudioVersion = 14.0.25420.1
MinimumVisualStudioVersion = 10.0.40219.1
Project("{FAE04EC0-301F-11D3-BF4B-00C04F79EFBC}") = "Avalara.SDK", "src\Avalara.SDK\Avalara.SDK.csproj", "919a4f63-7ad0-4a65-a808-37540656a2f5"
EndProject
Project("{FAE04EC0-301F-11D3-BF4B-00C04F79EFBC}") = "Avalara.SDK.Test", "src\Avalara.SDK.Test\Avalara.SDK.Test.csproj", "{19F1DEBC-DE5E-4517-8062-F000CD499087}"
EndProject
Global
	GlobalSection(SolutionConfigurationPlatforms) = preSolution
		Debug|Any CPU = Debug|Any CPU
		Release|Any CPU = Release|Any CPU
	EndGlobalSection
	GlobalSection(ProjectConfigurationPlatforms) = postSolution
		919a4f63-7ad0-4a65-a808-37540656a2f5.Debug|Any CPU.ActiveCfg = Debug|Any CPU
		919a4f63-7ad0-4a65-a808-37540656a2f5.Debug|Any CPU.Build.0 = Debug|Any CPU
		919a4f63-7ad0-4a65-a808-37540656a2f5.Release|Any CPU.ActiveCfg = Release|Any CPU
		919a4f63-7ad0-4a65-a808-37540656a2f5.Release|Any CPU.Build.0 = Release|Any CPU
		{19F1DEBC-DE5E-4517-8062-F000CD499087}.Debug|Any CPU.ActiveCfg = Debug|Any CPU
		{19F1DEBC-DE5E-4517-8062-F000CD499087}.Debug|Any CPU.Build.0 = Debug|Any CPU
		{19F1DEBC-DE5E-4517-8062-F000CD499087}.Release|Any CPU.ActiveCfg = Release|Any CPU
	@@ -24,4 +24,7 @@ Global
	GlobalSection(SolutionProperties) = preSolution
		HideSolutionNode = FALSE
	EndGlobalSection
EndGlobal
